
Microsoft Visual Studio Solution File, Format Version 12.00
# Visual Studio Version 17
VisualStudioVersion = 17.4.33122.133
MinimumVisualStudioVersion = 10.0.40219.1
Project("{9A19103F-16F7-4668-BE54-9A1E7A4F7556}") = "SharingCore", "SharingCore\SharingCore.csproj", "{FF3FD5F0-FA84-4160-BB76-92BB076950C7}"
EndProject
Project("{FAE04EC0-301F-11D3-BF4B-00C04F79EFBC}") = "WorkerService", "WorkerService\WorkerService.csproj", "{9EF5F692-BC72-418F-9D89-0509A4B0C9FA}"
EndProject
Global
	GlobalSection(SolutionConfigurationPlatforms) = preSolution
		Debug|Any CPU = Debug|Any CPU
		Release|Any CPU = Release|Any CPU
	EndGlobalSection
	GlobalSection(ProjectConfigurationPlatforms) = postSolution
		{FF3FD5F0-FA84-4160-BB76-92BB076950C7}.Debug|Any CPU.ActiveCfg = Debug|Any CPU
		{FF3FD5F0-FA84-4160-BB76-92BB076950C7}.Debug|Any CPU.Build.0 = Debug|Any CPU
		{FF3FD5F0-FA84-4160-BB76-92BB076950C7}.Release|Any CPU.ActiveCfg = Release|Any CPU
		{FF3FD5F0-FA84-4160-BB76-92BB076950C7}.Release|Any CPU.Build.0 = Release|Any CPU
		{9EF5F692-BC72-418F-9D89-0509A4B0C9FA}.Debug|Any CPU.ActiveCfg = Debug|Any CPU
		{9EF5F692-BC72-418F-9D89-0509A4B0C9FA}.Debug|Any CPU.Build.0 = Debug|Any CPU
		{9EF5F692-BC72-418F-9D89-0509A4B0C9FA}.Release|Any CPU.ActiveCfg = Release|Any CPU
		{9EF5F692-BC72-418F-9D89-0509A4B0C9FA}.Release|Any CPU.Build.0 = Release|Any CPU
	EndGlobalSection
	GlobalSection(SolutionProperties) = preSolution
		HideSolutionNode = FALSE
	EndGlobalSection
	GlobalSection(ExtensibilityGlobals) = postSolution
		SolutionGuid = {362DECAE-3424-4914-AE64-83B2F428AD0F}
	EndGlobalSection
EndGlobal
